
Microsoft Visual Studio Solution File, Format Version 12.00
# Visual Studio Version 17
VisualStudioVersion = 17.8.34330.188
MinimumVisualStudioVersion = 10.0.40219.1
Project("{9A19103F-16F7-4668-BE54-9A1E7A4F7556}") = "BookCatalogue", "BookCatalogue\BookCatalogue.csproj", "{719C67E9-41B7-47ED-A99B-89FA1BAD7D1E}"
EndProject
Project("{9A19103F-16F7-4668-BE54-9A1E7A4F7556}") = "BookCatalogue.Core", "BookCatalogue.Core\BookCatalogue.Core.csproj", "{FC65160C-32E7-402A-8BDE-38BFD9C36907}"
EndProject
Project("{9A19103F-16F7-4668-BE54-9A1E7A4F7556}") = "BookCatalogue.Interfaces", "BookCatalogue.Interfaces\BookCatalogue.Interfaces.csproj", "{A4214820-F5D5-4AF4-89DC-8820113ECE7F}"
EndProject
Project("{9A19103F-16F7-4668-BE54-9A1E7A4F7556}") = "BookCatalogue.DAOMock", "BookCatalogue.DAOMock\BookCatalogue.DAOMock.csproj", "{E89C6A73-8AA3-41AA-A74F-60C3F5B3506B}"
EndProject
Project("{9A19103F-16F7-4668-BE54-9A1E7A4F7556}") = "BookCatalogue.BLC", "BookCatalogue.BLC\BookCatalogue.BLC.csproj", "{8BF9E363-C26B-4DA9-86D5-1E2E4EB3A01C}"
EndProject
Project("{9A19103F-16F7-4668-BE54-9A1E7A4F7556}") = "BookCatalogue.DAOSQL", "BookCatalogue.DAOSQL\BookCatalogue.DAOSQL.csproj", "{298202F6-DFC0-4148-93BE-15D5C21F4A91}"
EndProject
Project("{9A19103F-16F7-4668-BE54-9A1E7A4F7556}") = "BookCatalogue.UIWeb", "BookCatalogue.UIWeb\BookCatalogue.UIWeb.csproj", "{01C943CD-F15E-4404-B4CF-F916F5DECBFC}"
EndProject
Project("{FAE04EC0-301F-11D3-BF4B-00C04F79EFBC}") = "BookCatalogue.MauiGUI", "BookCatalogue.MauiGUI\BookCatalogue.MauiGUI.csproj", "{979076A6-92B7-43A9-8510-E4DB240DD936}"
EndProject
Global
	GlobalSection(SolutionConfigurationPlatforms) = preSolution
		Debug|Any CPU = Debug|Any CPU
		Release|Any CPU = Release|Any CPU
	EndGlobalSection
	GlobalSection(ProjectConfigurationPlatforms) = postSolution
		{719C67E9-41B7-47ED-A99B-89FA1BAD7D1E}.Debug|Any CPU.ActiveCfg = Debug|Any CPU
		{719C67E9-41B7-47ED-A99B-89FA1BAD7D1E}.Debug|Any CPU.Build.0 = Debug|Any CPU
		{719C67E9-41B7-47ED-A99B-89FA1BAD7D1E}.Release|Any CPU.ActiveCfg = Release|Any CPU
		{719C67E9-41B7-47ED-A99B-89FA1BAD7D1E}.Release|Any CPU.Build.0 = Release|Any CPU
		{FC65160C-32E7-402A-8BDE-38BFD9C36907}.Debug|Any CPU.ActiveCfg = Debug|Any CPU
		{FC65160C-32E7-402A-8BDE-38BFD9C36907}.Debug|Any CPU.Build.0 = Debug|Any CPU
		{FC65160C-32E7-402A-8BDE-38BFD9C36907}.Release|Any CPU.ActiveCfg = Release|Any CPU
		{FC65160C-32E7-402A-8BDE-38BFD9C36907}.Release|Any CPU.Build.0 = Release|Any CPU
		{A4214820-F5D5-4AF4-89DC-8820113ECE7F}.Debug|Any CPU.ActiveCfg = Debug|Any CPU
		{A4214820-F5D5-4AF4-89DC-8820113ECE7F}.Debug|Any CPU.Build.0 = Debug|Any CPU
		{A4214820-F5D5-4AF4-89DC-8820113ECE7F}.Release|Any CPU.ActiveCfg = Release|Any CPU
		{A4214820-F5D5-4AF4-89DC-8820113ECE7F}.Release|Any CPU.Build.0 = Release|Any CPU
		{E89C6A73-8AA3-41AA-A74F-60C3F5B3506B}.Debug|Any CPU.ActiveCfg = Debug|Any CPU
		{E89C6A73-8AA3-41AA-A74F-60C3F5B3506B}.Debug|Any CPU.Build.0 = Debug|Any CPU
		{E89C6A73-8AA3-41AA-A74F-60C3F5B3506B}.Release|Any CPU.ActiveCfg = Release|Any CPU
		{E89C6A73-8AA3-41AA-A74F-60C3F5B3506B}.Release|Any CPU.Build.0 = Release|Any CPU
		{8BF9E363-C26B-4DA9-86D5-1E2E4EB3A01C}.Debug|Any CPU.ActiveCfg = Debug|Any CPU
		{8BF9E363-C26B-4DA9-86D5-1E2E4EB3A01C}.Debug|Any CPU.Build.0 = Debug|Any CPU
		{8BF9E363-C26B-4DA9-86D5-1E2E4EB3A01C}.Release|Any CPU.ActiveCfg = Release|Any CPU
		{8BF9E363-C26B-4DA9-86D5-1E2E4EB3A01C}.Release|Any CPU.Build.0 = Release|Any CPU
		{298202F6-DFC0-4148-93BE-15D5C21F4A91}.Debug|Any CPU.ActiveCfg = Debug|Any CPU
		{298202F6-DFC0-4148-93BE-15D5C21F4A91}.Debug|Any CPU.Build.0 = Debug|Any CPU
		{298202F6-DFC0-4148-93BE-15D5C21F4A91}.Release|Any CPU.ActiveCfg = Release|Any CPU
		{298202F6-DFC0-4148-93BE-15D5C21F4A91}.Release|Any CPU.Build.0 = Release|Any CPU
		{01C943CD-F15E-4404-B4CF-F916F5DECBFC}.Debug|Any CPU.ActiveCfg = Debug|Any CPU
		{01C943CD-F15E-4404-B4CF-F916F5DECBFC}.Debug|Any CPU.Build.0 = Debug|Any CPU
		{01C943CD-F15E-4404-B4CF-F916F5DECBFC}.Release|Any CPU.ActiveCfg = Release|Any CPU
		{01C943CD-F15E-4404-B4CF-F916F5DECBFC}.Release|Any CPU.Build.0 = Release|Any CPU
		{979076A6-92B7-43A9-8510-E4DB240DD936}.Debug|Any CPU.ActiveCfg = Debug|Any CPU
		{979076A6-92B7-43A9-8510-E4DB240DD936}.Debug|Any CPU.Build.0 = Debug|Any CPU
		{979076A6-92B7-43A9-8510-E4DB240DD936}.Debug|Any CPU.Deploy.0 = Debug|Any CPU
		{979076A6-92B7-43A9-8510-E4DB240DD936}.Release|Any CPU.ActiveCfg = Release|Any CPU
		{979076A6-92B7-43A9-8510-E4DB240DD936}.Release|Any CPU.Build.0 = Release|Any CPU
		{979076A6-92B7-43A9-8510-E4DB240DD936}.Release|Any CPU.Deploy.0 = Release|Any CPU
	EndGlobalSection
	GlobalSection(SolutionProperties) = preSolution
		HideSolutionNode = FALSE
	EndGlobalSection
	GlobalSection(ExtensibilityGlobals) = postSolution
		SolutionGuid = {28E26A8E-3B20-46A0-A91D-8562003F5CB6}
	EndGlobalSection
EndGlobal
